// !$*UTF8*$!
{
	archiveVersion = 1;
	classes = {
	};
	objectVersion = 55;
	objects = {

/* Begin PBXBuildFile section */
		1E8F5CC1EABACA7FB0287ABB /* Pods_MetaMaskDemo_MetaMaskDemoUITests.framework in Frameworks */ = {isa = PBXBuildFile; fileRef = 6FCC8C15543FCB5E54CD075D /* Pods_MetaMaskDemo_MetaMaskDemoUITests.framework */; };
		30528FB828669DC7000B8392 /* MetaMaskDemoTokenDetailInfo.swift in Sources */ = {isa = PBXBuildFile; fileRef = 30528FB728669DC7000B8392 /* MetaMaskDemoTokenDetailInfo.swift */; };
		30528FBA28669E1A000B8392 /* MetaMaskDemoTransactionInfo.swift in Sources */ = {isa = PBXBuildFile; fileRef = 30528FB928669E1A000B8392 /* MetaMaskDemoTransactionInfo.swift */; };
		3060FDCE28649D9600783681 /* MetaMaskDemoTokenItem.swift in Sources */ = {isa = PBXBuildFile; fileRef = 3060FDCD28649D9600783681 /* MetaMaskDemoTokenItem.swift */; };
		3060FDD128649EF900783681 /* MetaMaskDemoTokenView.swift in Sources */ = {isa = PBXBuildFile; fileRef = 3060FDD028649EF900783681 /* MetaMaskDemoTokenView.swift */; };
		3060FDD32864A2F000783681 /* MetaMaskDemoReceiveView.swift in Sources */ = {isa = PBXBuildFile; fileRef = 3060FDD22864A2F000783681 /* MetaMaskDemoReceiveView.swift */; };
		30756281286461E8002DCE6B /* MetaMaskDemoApp.swift in Sources */ = {isa = PBXBuildFile; fileRef = 30756280286461E8002DCE6B /* MetaMaskDemoApp.swift */; };
		30756283286461E8002DCE6B /* MetaMaskDemoHomeView.swift in Sources */ = {isa = PBXBuildFile; fileRef = 30756282286461E8002DCE6B /* MetaMaskDemoHomeView.swift */; };
		30756285286461E9002DCE6B /* Assets.xcassets in Resources */ = {isa = PBXBuildFile; fileRef = 30756284286461E9002DCE6B /* Assets.xcassets */; };
		30756288286461E9002DCE6B /* Preview Assets.xcassets in Resources */ = {isa = PBXBuildFile; fileRef = 30756287286461E9002DCE6B /* Preview Assets.xcassets */; };
		30756292286461E9002DCE6B /* MetaMaskDemoTests.swift in Sources */ = {isa = PBXBuildFile; fileRef = 30756291286461E9002DCE6B /* MetaMaskDemoTests.swift */; };
		3075629C286461E9002DCE6B /* MetaMaskDemoUITests.swift in Sources */ = {isa = PBXBuildFile; fileRef = 3075629B286461E9002DCE6B /* MetaMaskDemoUITests.swift */; };
		3075629E286461E9002DCE6B /* MetaMaskDemoUITestsLaunchTests.swift in Sources */ = {isa = PBXBuildFile; fileRef = 3075629D286461E9002DCE6B /* MetaMaskDemoUITestsLaunchTests.swift */; };
		307562AD28647DCA002DCE6B /* MetaMaskDemoConfig.swift in Sources */ = {isa = PBXBuildFile; fileRef = 307562AC28647DCA002DCE6B /* MetaMaskDemoConfig.swift */; };
		307562B0286480BB002DCE6B /* MetaMaskDemoTabItem.swift in Sources */ = {isa = PBXBuildFile; fileRef = 307562AF286480BB002DCE6B /* MetaMaskDemoTabItem.swift */; };
		30A84EAC286499B300F107B8 /* MetaMaskDemoNFTView.swift in Sources */ = {isa = PBXBuildFile; fileRef = 30A84EAB286499B300F107B8 /* MetaMaskDemoNFTView.swift */; };
		30A84EAE28649BDE00F107B8 /* MetaMaskDemoMenuItem.swift in Sources */ = {isa = PBXBuildFile; fileRef = 30A84EAD28649BDE00F107B8 /* MetaMaskDemoMenuItem.swift */; };
		53D16C782865551F00E26F5E /* Launch Screen.storyboard in Resources */ = {isa = PBXBuildFile; fileRef = 53D16C772865551F00E26F5E /* Launch Screen.storyboard */; };
		53D16C7B286559FF00E26F5E /* MetaMaskDemoNetworkManager.swift in Sources */ = {isa = PBXBuildFile; fileRef = 53D16C7A286559FF00E26F5E /* MetaMaskDemoNetworkManager.swift */; };
		53D16C7D28655AE100E26F5E /* MetaMaskDemoAccountInfo.swift in Sources */ = {isa = PBXBuildFile; fileRef = 53D16C7C28655AE100E26F5E /* MetaMaskDemoAccountInfo.swift */; };
		53D16C7F28655B1F00E26F5E /* MetaMaskDemoTokenInfo.swift in Sources */ = {isa = PBXBuildFile; fileRef = 53D16C7E28655B1F00E26F5E /* MetaMaskDemoTokenInfo.swift */; };
		53D16C8328656A6C00E26F5E /* MetaMaskDemoTokenDetailView.swift in Sources */ = {isa = PBXBuildFile; fileRef = 53D16C8228656A6C00E26F5E /* MetaMaskDemoTokenDetailView.swift */; };
		73185275048C155F97DF3E29 /* Pods_MetaMaskDemoTests.framework in Frameworks */ = {isa = PBXBuildFile; fileRef = D0D88C6B0DD0E921275FB390 /* Pods_MetaMaskDemoTests.framework */; };
		FD3BCC65BE9B92C6C5857891 /* Pods_MetaMaskDemo.framework in Frameworks */ = {isa = PBXBuildFile; fileRef = 1A4DF6292619025EA86137C6 /* Pods_MetaMaskDemo.framework */; };
/* End PBXBuildFile section */

/* Begin PBXContainerItemProxy section */
		3075628E286461E9002DCE6B /* PBXContainerItemProxy */ = {
			isa = PBXContainerItemProxy;
			containerPortal = 30756275286461E8002DCE6B /* Project object */;
			proxyType = 1;
			remoteGlobalIDString = 3075627C286461E8002DCE6B;
			remoteInfo = MetaMaskDemo;
		};
		30756298286461E9002DCE6B /* PBXContainerItemProxy */ = {
			isa = PBXContainerItemProxy;
			containerPortal = 30756275286461E8002DCE6B /* Project object */;
			proxyType = 1;
			remoteGlobalIDString = 3075627C286461E8002DCE6B;
			remoteInfo = MetaMaskDemo;
		};
/* End PBXContainerItemProxy section */

/* Begin PBXFileReference section */
		12A826463D438C94D17B18E1 /* Pods-MetaMaskDemo-MetaMaskDemoUITests.debug.xcconfig */ = {isa = PBXFileReference; includeInIndex = 1; lastKnownFileType = text.xcconfig; name = "Pods-MetaMaskDemo-MetaMaskDemoUITests.debug.xcconfig"; path = "Target Support Files/Pods-MetaMaskDemo-MetaMaskDemoUITests/Pods-MetaMaskDemo-MetaMaskDemoUITests.debug.xcconfig"; sourceTree = "<group>"; };
		1A4DF6292619025EA86137C6 /* Pods_MetaMaskDemo.framework */ = {isa = PBXFileReference; explicitFileType = wrapper.framework; includeInIndex = 0; path = Pods_MetaMaskDemo.framework; sourceTree = BUILT_PRODUCTS_DIR; };
		30528FB728669DC7000B8392 /* MetaMaskDemoTokenDetailInfo.swift */ = {isa = PBXFileReference; lastKnownFileType = sourcecode.swift; path = MetaMaskDemoTokenDetailInfo.swift; sourceTree = "<group>"; };
		30528FB928669E1A000B8392 /* MetaMaskDemoTransactionInfo.swift */ = {isa = PBXFileReference; lastKnownFileType = sourcecode.swift; path = MetaMaskDemoTransactionInfo.swift; sourceTree = "<group>"; };
		3060FDCD28649D9600783681 /* MetaMaskDemoTokenItem.swift */ = {isa = PBXFileReference; lastKnownFileType = sourcecode.swift; path = MetaMaskDemoTokenItem.swift; sourceTree = "<group>"; };
		3060FDCF28649E8900783681 /* Info.plist */ = {isa = PBXFileReference; lastKnownFileType = text.plist; path = Info.plist; sourceTree = "<group>"; };
		3060FDD028649EF900783681 /* MetaMaskDemoTokenView.swift */ = {isa = PBXFileReference; lastKnownFileType = sourcecode.swift; path = MetaMaskDemoTokenView.swift; sourceTree = "<group>"; };
		3060FDD22864A2F000783681 /* MetaMaskDemoReceiveView.swift */ = {isa = PBXFileReference; lastKnownFileType = sourcecode.swift; path = MetaMaskDemoReceiveView.swift; sourceTree = "<group>"; };
		3075627D286461E8002DCE6B /* MetaMaskDemo.app */ = {isa = PBXFileReference; explicitFileType = wrapper.application; includeInIndex = 0; path = MetaMaskDemo.app; sourceTree = BUILT_PRODUCTS_DIR; };
		30756280286461E8002DCE6B /* MetaMaskDemoApp.swift */ = {isa = PBXFileReference; lastKnownFileType = sourcecode.swift; path = MetaMaskDemoApp.swift; sourceTree = "<group>"; };
		30756282286461E8002DCE6B /* MetaMaskDemoHomeView.swift */ = {isa = PBXFileReference; lastKnownFileType = sourcecode.swift; path = MetaMaskDemoHomeView.swift; sourceTree = "<group>"; };
		30756284286461E9002DCE6B /* Assets.xcassets */ = {isa = PBXFileReference; lastKnownFileType = folder.assetcatalog; path = Assets.xcassets; sourceTree = "<group>"; };
		30756287286461E9002DCE6B /* Preview Assets.xcassets */ = {isa = PBXFileReference; lastKnownFileType = folder.assetcatalog; path = "Preview Assets.xcassets"; sourceTree = "<group>"; };
		3075628D286461E9002DCE6B /* MetaMaskDemoTests.xctest */ = {isa = PBXFileReference; explicitFileType = wrapper.cfbundle; includeInIndex = 0; path = MetaMaskDemoTests.xctest; sourceTree = BUILT_PRODUCTS_DIR; };
		30756291286461E9002DCE6B /* MetaMaskDemoTests.swift */ = {isa = PBXFileReference; lastKnownFileType = sourcecode.swift; path = MetaMaskDemoTests.swift; sourceTree = "<group>"; };
		30756297286461E9002DCE6B /* MetaMaskDemoUITests.xctest */ = {isa = PBXFileReference; explicitFileType = wrapper.cfbundle; includeInIndex = 0; path = MetaMaskDemoUITests.xctest; sourceTree = BUILT_PRODUCTS_DIR; };
		3075629B286461E9002DCE6B /* MetaMaskDemoUITests.swift */ = {isa = PBXFileReference; lastKnownFileType = sourcecode.swift; path = MetaMaskDemoUITests.swift; sourceTree = "<group>"; };
		3075629D286461E9002DCE6B /* MetaMaskDemoUITestsLaunchTests.swift */ = {isa = PBXFileReference; lastKnownFileType = sourcecode.swift; path = MetaMaskDemoUITestsLaunchTests.swift; sourceTree = "<group>"; };
		307562AC28647DCA002DCE6B /* MetaMaskDemoConfig.swift */ = {isa = PBXFileReference; lastKnownFileType = sourcecode.swift; path = MetaMaskDemoConfig.swift; sourceTree = "<group>"; };
		307562AF286480BB002DCE6B /* MetaMaskDemoTabItem.swift */ = {isa = PBXFileReference; lastKnownFileType = sourcecode.swift; path = MetaMaskDemoTabItem.swift; sourceTree = "<group>"; };
		30A84EAB286499B300F107B8 /* MetaMaskDemoNFTView.swift */ = {isa = PBXFileReference; lastKnownFileType = sourcecode.swift; path = MetaMaskDemoNFTView.swift; sourceTree = "<group>"; };
		30A84EAD28649BDE00F107B8 /* MetaMaskDemoMenuItem.swift */ = {isa = PBXFileReference; lastKnownFileType = sourcecode.swift; path = MetaMaskDemoMenuItem.swift; sourceTree = "<group>"; };
		47548FF09906E26F3DEB8D66 /* Pods-MetaMaskDemo.debug.xcconfig */ = {isa = PBXFileReference; includeInIndex = 1; lastKnownFileType = text.xcconfig; name = "Pods-MetaMaskDemo.debug.xcconfig"; path = "Target Support Files/Pods-MetaMaskDemo/Pods-MetaMaskDemo.debug.xcconfig"; sourceTree = "<group>"; };
		53D16C772865551F00E26F5E /* Launch Screen.storyboard */ = {isa = PBXFileReference; lastKnownFileType = file.storyboard; path = "Launch Screen.storyboard"; sourceTree = "<group>"; };
		53D16C7A286559FF00E26F5E /* MetaMaskDemoNetworkManager.swift */ = {isa = PBXFileReference; lastKnownFileType = sourcecode.swift; path = MetaMaskDemoNetworkManager.swift; sourceTree = "<group>"; };
		53D16C7C28655AE100E26F5E /* MetaMaskDemoAccountInfo.swift */ = {isa = PBXFileReference; lastKnownFileType = sourcecode.swift; path = MetaMaskDemoAccountInfo.swift; sourceTree = "<group>"; };
		53D16C7E28655B1F00E26F5E /* MetaMaskDemoTokenInfo.swift */ = {isa = PBXFileReference; lastKnownFileType = sourcecode.swift; path = MetaMaskDemoTokenInfo.swift; sourceTree = "<group>"; };
		53D16C8228656A6C00E26F5E /* MetaMaskDemoTokenDetailView.swift */ = {isa = PBXFileReference; lastKnownFileType = sourcecode.swift; path = MetaMaskDemoTokenDetailView.swift; sourceTree = "<group>"; };
		67CFAF7CD3BE4095036261EC /* Pods-MetaMaskDemo.release.xcconfig */ = {isa = PBXFileReference; includeInIndex = 1; lastKnownFileType = text.xcconfig; name = "Pods-MetaMaskDemo.release.xcconfig"; path = "Target Support Files/Pods-MetaMaskDemo/Pods-MetaMaskDemo.release.xcconfig"; sourceTree = "<group>"; };
		6FCC8C15543FCB5E54CD075D /* Pods_MetaMaskDemo_MetaMaskDemoUITests.framework */ = {isa = PBXFileReference; explicitFileType = wrapper.framework; includeInIndex = 0; path = Pods_MetaMaskDemo_MetaMaskDemoUITests.framework; sourceTree = BUILT_PRODUCTS_DIR; };
		72EAF9CACEB8DF263D9790B1 /* Pods-MetaMaskDemoTests.debug.xcconfig */ = {isa = PBXFileReference; includeInIndex = 1; lastKnownFileType = text.xcconfig; name = "Pods-MetaMaskDemoTests.debug.xcconfig"; path = "Target Support Files/Pods-MetaMaskDemoTests/Pods-MetaMaskDemoTests.debug.xcconfig"; sourceTree = "<group>"; };
		C56867CDA67E9329223ED775 /* Pods-MetaMaskDemo-MetaMaskDemoUITests.release.xcconfig */ = {isa = PBXFileReference; includeInIndex = 1; lastKnownFileType = text.xcconfig; name = "Pods-MetaMaskDemo-MetaMaskDemoUITests.release.xcconfig"; path = "Target Support Files/Pods-MetaMaskDemo-MetaMaskDemoUITests/Pods-MetaMaskDemo-MetaMaskDemoUITests.release.xcconfig"; sourceTree = "<group>"; };
		D0D88C6B0DD0E921275FB390 /* Pods_MetaMaskDemoTests.framework */ = {isa = PBXFileReference; explicitFileType = wrapper.framework; includeInIndex = 0; path = Pods_MetaMaskDemoTests.framework; sourceTree = BUILT_PRODUCTS_DIR; };
		E869A5E3146D51BAEB30E530 /* Pods-MetaMaskDemoTests.release.xcconfig */ = {isa = PBXFileReference; includeInIndex = 1; lastKnownFileType = text.xcconfig; name = "Pods-MetaMaskDemoTests.release.xcconfig"; path = "Target Support Files/Pods-MetaMaskDemoTests/Pods-MetaMaskDemoTests.release.xcconfig"; sourceTree = "<group>"; };
/* End PBXFileReference section */

/* Begin PBXFrameworksBuildPhase section */
		3075627A286461E8002DCE6B /* Frameworks */ = {
			isa = PBXFrameworksBuildPhase;
			buildActionMask = 2147483647;
			files = (
				FD3BCC65BE9B92C6C5857891 /* Pods_MetaMaskDemo.framework in Frameworks */,
			);
			runOnlyForDeploymentPostprocessing = 0;
		};
		3075628A286461E9002DCE6B /* Frameworks */ = {
			isa = PBXFrameworksBuildPhase;
			buildActionMask = 2147483647;
			files = (
				73185275048C155F97DF3E29 /* Pods_MetaMaskDemoTests.framework in Frameworks */,
			);
			runOnlyForDeploymentPostprocessing = 0;
		};
		30756294286461E9002DCE6B /* Frameworks */ = {
			isa = PBXFrameworksBuildPhase;
			buildActionMask = 2147483647;
			files = (
				1E8F5CC1EABACA7FB0287ABB /* Pods_MetaMaskDemo_MetaMaskDemoUITests.framework in Frameworks */,
			);
			runOnlyForDeploymentPostprocessing = 0;
		};
/* End PBXFrameworksBuildPhase section */

/* Begin PBXGroup section */
		1D69567F758DF7E4E0F81332 /* Frameworks */ = {
			isa = PBXGroup;
			children = (
				1A4DF6292619025EA86137C6 /* Pods_MetaMaskDemo.framework */,
				6FCC8C15543FCB5E54CD075D /* Pods_MetaMaskDemo_MetaMaskDemoUITests.framework */,
				D0D88C6B0DD0E921275FB390 /* Pods_MetaMaskDemoTests.framework */,
			);
			name = Frameworks;
			sourceTree = "<group>";
		};
		30756274286461E8002DCE6B = {
			isa = PBXGroup;
			children = (
				3075627F286461E8002DCE6B /* MetaMaskDemo */,
				30756290286461E9002DCE6B /* MetaMaskDemoTests */,
				3075629A286461E9002DCE6B /* MetaMaskDemoUITests */,
				3075627E286461E8002DCE6B /* Products */,
				F0A0A3854E2EA99DCC963EB9 /* Pods */,
				1D69567F758DF7E4E0F81332 /* Frameworks */,
			);
			sourceTree = "<group>";
		};
		3075627E286461E8002DCE6B /* Products */ = {
			isa = PBXGroup;
			children = (
				3075627D286461E8002DCE6B /* MetaMaskDemo.app */,
				3075628D286461E9002DCE6B /* MetaMaskDemoTests.xctest */,
				30756297286461E9002DCE6B /* MetaMaskDemoUITests.xctest */,
			);
			name = Products;
			sourceTree = "<group>";
		};
		3075627F286461E8002DCE6B /* MetaMaskDemo */ = {
			isa = PBXGroup;
			children = (
				3060FDCF28649E8900783681 /* Info.plist */,
				307562AB28647DB0002DCE6B /* Global */,
				307562AE28648095002DCE6B /* Model */,
				307562AA286462C0002DCE6B /* View */,
				53D16C79286559EB00E26F5E /* Manager */,
				53D16C762865550C00E26F5E /* Resource */,
				30756286286461E9002DCE6B /* Preview Content */,
			);
			path = MetaMaskDemo;
			sourceTree = "<group>";
		};
		30756286286461E9002DCE6B /* Preview Content */ = {
			isa = PBXGroup;
			children = (
				30756287286461E9002DCE6B /* Preview Assets.xcassets */,
			);
			path = "Preview Content";
			sourceTree = "<group>";
		};
		30756290286461E9002DCE6B /* MetaMaskDemoTests */ = {
			isa = PBXGroup;
			children = (
				30756291286461E9002DCE6B /* MetaMaskDemoTests.swift */,
			);
			path = MetaMaskDemoTests;
			sourceTree = "<group>";
		};
		3075629A286461E9002DCE6B /* MetaMaskDemoUITests */ = {
			isa = PBXGroup;
			children = (
				3075629B286461E9002DCE6B /* MetaMaskDemoUITests.swift */,
				3075629D286461E9002DCE6B /* MetaMaskDemoUITestsLaunchTests.swift */,
			);
			path = MetaMaskDemoUITests;
			sourceTree = "<group>";
		};
		307562AA286462C0002DCE6B /* View */ = {
			isa = PBXGroup;
			children = (
				30756282286461E8002DCE6B /* MetaMaskDemoHomeView.swift */,
				30A84EAB286499B300F107B8 /* MetaMaskDemoNFTView.swift */,
				3060FDD028649EF900783681 /* MetaMaskDemoTokenView.swift */,
				3060FDD22864A2F000783681 /* MetaMaskDemoReceiveView.swift */,
				53D16C8228656A6C00E26F5E /* MetaMaskDemoTokenDetailView.swift */,
			);
			path = View;
			sourceTree = "<group>";
		};
		307562AB28647DB0002DCE6B /* Global */ = {
			isa = PBXGroup;
			children = (
				30756280286461E8002DCE6B /* MetaMaskDemoApp.swift */,
				307562AC28647DCA002DCE6B /* MetaMaskDemoConfig.swift */,
			);
			path = Global;
			sourceTree = "<group>";
		};
		307562AE28648095002DCE6B /* Model */ = {
			isa = PBXGroup;
			children = (
				307562AF286480BB002DCE6B /* MetaMaskDemoTabItem.swift */,
				30A84EAD28649BDE00F107B8 /* MetaMaskDemoMenuItem.swift */,
				3060FDCD28649D9600783681 /* MetaMaskDemoTokenItem.swift */,
				53D16C7C28655AE100E26F5E /* MetaMaskDemoAccountInfo.swift */,
				53D16C7E28655B1F00E26F5E /* MetaMaskDemoTokenInfo.swift */,
				30528FB728669DC7000B8392 /* MetaMaskDemoTokenDetailInfo.swift */,
				30528FB928669E1A000B8392 /* MetaMaskDemoTransactionInfo.swift */,
			);
			path = Model;
			sourceTree = "<group>";
		};
		53D16C762865550C00E26F5E /* Resource */ = {
			isa = PBXGroup;
			children = (
				30756284286461E9002DCE6B /* Assets.xcassets */,
				53D16C772865551F00E26F5E /* Launch Screen.storyboard */,
			);
			path = Resource;
			sourceTree = "<group>";
		};
		53D16C79286559EB00E26F5E /* Manager */ = {
			isa = PBXGroup;
			children = (
				53D16C7A286559FF00E26F5E /* MetaMaskDemoNetworkManager.swift */,
			);
			path = Manager;
			sourceTree = "<group>";
		};
		F0A0A3854E2EA99DCC963EB9 /* Pods */ = {
			isa = PBXGroup;
			children = (
				47548FF09906E26F3DEB8D66 /* Pods-MetaMaskDemo.debug.xcconfig */,
				67CFAF7CD3BE4095036261EC /* Pods-MetaMaskDemo.release.xcconfig */,
				12A826463D438C94D17B18E1 /* Pods-MetaMaskDemo-MetaMaskDemoUITests.debug.xcconfig */,
				C56867CDA67E9329223ED775 /* Pods-MetaMaskDemo-MetaMaskDemoUITests.release.xcconfig */,
				72EAF9CACEB8DF263D9790B1 /* Pods-MetaMaskDemoTests.debug.xcconfig */,
				E869A5E3146D51BAEB30E530 /* Pods-MetaMaskDemoTests.release.xcconfig */,
			);
			path = Pods;
			sourceTree = "<group>";
		};
/* End PBXGroup section */

/* Begin PBXNativeTarget section */
		3075627C286461E8002DCE6B /* MetaMaskDemo */ = {
			isa = PBXNativeTarget;
			buildConfigurationList = 307562A1286461E9002DCE6B /* Build configuration list for PBXNativeTarget "MetaMaskDemo" */;
			buildPhases = (
				FD955E65AD3A201083303131 /* [CP] Check Pods Manifest.lock */,
				30756279286461E8002DCE6B /* Sources */,
				3075627A286461E8002DCE6B /* Frameworks */,
				3075627B286461E8002DCE6B /* Resources */,
				D212F221702E1B614920ED80 /* [CP] Embed Pods Frameworks */,
			);
			buildRules = (
			);
			dependencies = (
			);
			name = MetaMaskDemo;
			productName = MetaMaskDemo;
			productReference = 3075627D286461E8002DCE6B /* MetaMaskDemo.app */;
			productType = "com.apple.product-type.application";
		};
		3075628C286461E9002DCE6B /* MetaMaskDemoTests */ = {
			isa = PBXNativeTarget;
			buildConfigurationList = 307562A4286461E9002DCE6B /* Build configuration list for PBXNativeTarget "MetaMaskDemoTests" */;
			buildPhases = (
				EB5F6F649B7ABD93BA4F619C /* [CP] Check Pods Manifest.lock */,
				30756289286461E9002DCE6B /* Sources */,
				3075628A286461E9002DCE6B /* Frameworks */,
				3075628B286461E9002DCE6B /* Resources */,
			);
			buildRules = (
			);
			dependencies = (
				3075628F286461E9002DCE6B /* PBXTargetDependency */,
			);
			name = MetaMaskDemoTests;
			productName = MetaMaskDemoTests;
			productReference = 3075628D286461E9002DCE6B /* MetaMaskDemoTests.xctest */;
			productType = "com.apple.product-type.bundle.unit-test";
		};
		30756296286461E9002DCE6B /* MetaMaskDemoUITests */ = {
			isa = PBXNativeTarget;
			buildConfigurationList = 307562A7286461E9002DCE6B /* Build configuration list for PBXNativeTarget "MetaMaskDemoUITests" */;
			buildPhases = (
				F3BF57A4CD28D80A72498690 /* [CP] Check Pods Manifest.lock */,
				30756293286461E9002DCE6B /* Sources */,
				30756294286461E9002DCE6B /* Frameworks */,
				30756295286461E9002DCE6B /* Resources */,
				D5CAB356E30C53CAA7542AE4 /* [CP] Embed Pods Frameworks */,
			);
			buildRules = (
			);
			dependencies = (
				30756299286461E9002DCE6B /* PBXTargetDependency */,
			);
			name = MetaMaskDemoUITests;
			productName = MetaMaskDemoUITests;
			productReference = 30756297286461E9002DCE6B /* MetaMaskDemoUITests.xctest */;
			productType = "com.apple.product-type.bundle.ui-testing";
		};
/* End PBXNativeTarget section */

/* Begin PBXProject section */
		30756275286461E8002DCE6B /* Project object */ = {
			isa = PBXProject;
			attributes = {
				BuildIndependentTargetsInParallel = 1;
				LastSwiftUpdateCheck = 1330;
				LastUpgradeCheck = 1330;
				TargetAttributes = {
					3075627C286461E8002DCE6B = {
						CreatedOnToolsVersion = 13.3;
					};
					3075628C286461E9002DCE6B = {
						CreatedOnToolsVersion = 13.3;
						TestTargetID = 3075627C286461E8002DCE6B;
					};
					30756296286461E9002DCE6B = {
						CreatedOnToolsVersion = 13.3;
						TestTargetID = 3075627C286461E8002DCE6B;
					};
				};
			};
			buildConfigurationList = 30756278286461E8002DCE6B /* Build configuration list for PBXProject "MetaMaskDemo" */;
			compatibilityVersion = "Xcode 13.0";
			developmentRegion = en;
			hasScannedForEncodings = 0;
			knownRegions = (
				en,
				Base,
			);
			mainGroup = 30756274286461E8002DCE6B;
			productRefGroup = 3075627E286461E8002DCE6B /* Products */;
			projectDirPath = "";
			projectRoot = "";
			targets = (
				3075627C286461E8002DCE6B /* MetaMaskDemo */,
				3075628C286461E9002DCE6B /* MetaMaskDemoTests */,
				30756296286461E9002DCE6B /* MetaMaskDemoUITests */,
			);
		};
/* End PBXProject section */

/* Begin PBXResourcesBuildPhase section */
		3075627B286461E8002DCE6B /* Resources */ = {
			isa = PBXResourcesBuildPhase;
			buildActionMask = 2147483647;
			files = (
				53D16C782865551F00E26F5E /* Launch Screen.storyboard in Resources */,
				30756288286461E9002DCE6B /* Preview Assets.xcassets in Resources */,
				30756285286461E9002DCE6B /* Assets.xcassets in Resources */,
			);
			runOnlyForDeploymentPostprocessing = 0;
		};
		3075628B286461E9002DCE6B /* Resources */ = {
			isa = PBXResourcesBuildPhase;
			buildActionMask = 2147483647;
			files = (
			);
			runOnlyForDeploymentPostprocessing = 0;
		};
		30756295286461E9002DCE6B /* Resources */ = {
			isa = PBXResourcesBuildPhase;
			buildActionMask = 2147483647;
			files = (
			);
			runOnlyForDeploymentPostprocessing = 0;
		};
/* End PBXResourcesBuildPhase section */

/* Begin PBXShellScriptBuildPhase section */
		D212F221702E1B614920ED80 /* [CP] Embed Pods Frameworks */ = {
			isa = PBXShellScriptBuildPhase;
			buildActionMask = 2147483647;
			files = (
			);
			inputFileListPaths = (
				"${PODS_ROOT}/Target Support Files/Pods-MetaMaskDemo/Pods-MetaMaskDemo-frameworks-${CONFIGURATION}-input-files.xcfilelist",
			);
			name = "[CP] Embed Pods Frameworks";
			outputFileListPaths = (
				"${PODS_ROOT}/Target Support Files/Pods-MetaMaskDemo/Pods-MetaMaskDemo-frameworks-${CONFIGURATION}-output-files.xcfilelist",
			);
			runOnlyForDeploymentPostprocessing = 0;
			shellPath = /bin/sh;
			shellScript = "\"${PODS_ROOT}/Target Support Files/Pods-MetaMaskDemo/Pods-MetaMaskDemo-frameworks.sh\"\n";
			showEnvVarsInLog = 0;
		};
		D5CAB356E30C53CAA7542AE4 /* [CP] Embed Pods Frameworks */ = {
			isa = PBXShellScriptBuildPhase;
			buildActionMask = 2147483647;
			files = (
			);
			inputFileListPaths = (
				"${PODS_ROOT}/Target Support Files/Pods-MetaMaskDemo-MetaMaskDemoUITests/Pods-MetaMaskDemo-MetaMaskDemoUITests-frameworks-${CONFIGURATION}-input-files.xcfilelist",
			);
			name = "[CP] Embed Pods Frameworks";
			outputFileListPaths = (
				"${PODS_ROOT}/Target Support Files/Pods-MetaMaskDemo-MetaMaskDemoUITests/Pods-MetaMaskDemo-MetaMaskDemoUITests-frameworks-${CONFIGURATION}-output-files.xcfilelist",
			);
			runOnlyForDeploymentPostprocessing = 0;
			shellPath = /bin/sh;
			shellScript = "\"${PODS_ROOT}/Target Support Files/Pods-MetaMaskDemo-MetaMaskDemoUITests/Pods-MetaMaskDemo-MetaMaskDemoUITests-frameworks.sh\"\n";
			showEnvVarsInLog = 0;
		};
		EB5F6F649B7ABD93BA4F619C /* [CP] Check Pods Manifest.lock */ = {
			isa = PBXShellScriptBuildPhase;
			buildActionMask = 2147483647;
			files = (
			);
			inputFileListPaths = (
			);
			inputPaths = (
				"${PODS_PODFILE_DIR_PATH}/Podfile.lock",
				"${PODS_ROOT}/Manifest.lock",
			);
			name = "[CP] Check Pods Manifest.lock";
			outputFileListPaths = (
			);
			outputPaths = (
				"$(DERIVED_FILE_DIR)/Pods-MetaMaskDemoTests-checkManifestLockResult.txt",
			);
			runOnlyForDeploymentPostprocessing = 0;
			shellPath = /bin/sh;
			shellScript = "diff \"${PODS_PODFILE_DIR_PATH}/Podfile.lock\" \"${PODS_ROOT}/Manifest.lock\" > /dev/null\nif [ $? != 0 ] ; then\n    # print error to STDERR\n    echo \"error: The sandbox is not in sync with the Podfile.lock. Run 'pod install' or update your CocoaPods installation.\" >&2\n    exit 1\nfi\n# This output is used by Xcode 'outputs' to avoid re-running this script phase.\necho \"SUCCESS\" > \"${SCRIPT_OUTPUT_FILE_0}\"\n";
			showEnvVarsInLog = 0;
		};
		F3BF57A4CD28D80A72498690 /* [CP] Check Pods Manifest.lock */ = {
			isa = PBXShellScriptBuildPhase;
			buildActionMask = 2147483647;
			files = (
			);
			inputFileListPaths = (
			);
			inputPaths = (
				"${PODS_PODFILE_DIR_PATH}/Podfile.lock",
				"${PODS_ROOT}/Manifest.lock",
			);
			name = "[CP] Check Pods Manifest.lock";
			outputFileListPaths = (
			);
			outputPaths = (
				"$(DERIVED_FILE_DIR)/Pods-MetaMaskDemo-MetaMaskDemoUITests-checkManifestLockResult.txt",
			);
			runOnlyForDeploymentPostprocessing = 0;
			shellPath = /bin/sh;
			shellScript = "diff \"${PODS_PODFILE_DIR_PATH}/Podfile.lock\" \"${PODS_ROOT}/Manifest.lock\" > /dev/null\nif [ $? != 0 ] ; then\n    # print error to STDERR\n    echo \"error: The sandbox is not in sync with the Podfile.lock. Run 'pod install' or update your CocoaPods installation.\" >&2\n    exit 1\nfi\n# This output is used by Xcode 'outputs' to avoid re-running this script phase.\necho \"SUCCESS\" > \"${SCRIPT_OUTPUT_FILE_0}\"\n";
			showEnvVarsInLog = 0;
		};
		FD955E65AD3A201083303131 /* [CP] Check Pods Manifest.lock */ = {
			isa = PBXShellScriptBuildPhase;
			buildActionMask = 2147483647;
			files = (
			);
			inputFileListPaths = (
			);
			inputPaths = (
				"${PODS_PODFILE_DIR_PATH}/Podfile.lock",
				"${PODS_ROOT}/Manifest.lock",
			);
			name = "[CP] Check Pods Manifest.lock";
			outputFileListPaths = (
			);
			outputPaths = (
				"$(DERIVED_FILE_DIR)/Pods-MetaMaskDemo-checkManifestLockResult.txt",
			);
			runOnlyForDeploymentPostprocessing = 0;
			shellPath = /bin/sh;
			shellScript = "diff \"${PODS_PODFILE_DIR_PATH}/Podfile.lock\" \"${PODS_ROOT}/Manifest.lock\" > /dev/null\nif [ $? != 0 ] ; then\n    # print error to STDERR\n    echo \"error: The sandbox is not in sync with the Podfile.lock. Run 'pod install' or update your CocoaPods installation.\" >&2\n    exit 1\nfi\n# This output is used by Xcode 'outputs' to avoid re-running this script phase.\necho \"SUCCESS\" > \"${SCRIPT_OUTPUT_FILE_0}\"\n";
			showEnvVarsInLog = 0;
		};
/* End PBXShellScriptBuildPhase section */

/* Begin PBXSourcesBuildPhase section */
		30756279286461E8002DCE6B /* Sources */ = {
			isa = PBXSourcesBuildPhase;
			buildActionMask = 2147483647;
			files = (
				30528FBA28669E1A000B8392 /* MetaMaskDemoTransactionInfo.swift in Sources */,
				307562AD28647DCA002DCE6B /* MetaMaskDemoConfig.swift in Sources */,
				3060FDD32864A2F000783681 /* MetaMaskDemoReceiveView.swift in Sources */,
				30A84EAC286499B300F107B8 /* MetaMaskDemoNFTView.swift in Sources */,
				3060FDD128649EF900783681 /* MetaMaskDemoTokenView.swift in Sources */,
				53D16C7D28655AE100E26F5E /* MetaMaskDemoAccountInfo.swift in Sources */,
				53D16C7B286559FF00E26F5E /* MetaMaskDemoNetworkManager.swift in Sources */,
				30528FB828669DC7000B8392 /* MetaMaskDemoTokenDetailInfo.swift in Sources */,
				30756283286461E8002DCE6B /* MetaMaskDemoHomeView.swift in Sources */,
				307562B0286480BB002DCE6B /* MetaMaskDemoTabItem.swift in Sources */,
				30756281286461E8002DCE6B /* MetaMaskDemoApp.swift in Sources */,
				3060FDCE28649D9600783681 /* MetaMaskDemoTokenItem.swift in Sources */,
				53D16C8328656A6C00E26F5E /* MetaMaskDemoTokenDetailView.swift in Sources */,
				30A84EAE28649BDE00F107B8 /* MetaMaskDemoMenuItem.swift in Sources */,
				53D16C7F28655B1F00E26F5E /* MetaMaskDemoTokenInfo.swift in Sources */,
			);
			runOnlyForDeploymentPostprocessing = 0;
		};
		30756289286461E9002DCE6B /* Sources */ = {
			isa = PBXSourcesBuildPhase;
			buildActionMask = 2147483647;
			files = (
				30756292286461E9002DCE6B /* MetaMaskDemoTests.swift in Sources */,
			);
			runOnlyForDeploymentPostprocessing = 0;
		};
		30756293286461E9002DCE6B /* Sources */ = {
			isa = PBXSourcesBuildPhase;
			buildActionMask = 2147483647;
			files = (
				3075629E286461E9002DCE6B /* MetaMaskDemoUITestsLaunchTests.swift in Sources */,
				3075629C286461E9002DCE6B /* MetaMaskDemoUITests.swift in Sources */,
			);
			runOnlyForDeploymentPostprocessing = 0;
		};
/* End PBXSourcesBuildPhase section */

/* Begin PBXTargetDependency section */
		3075628F286461E9002DCE6B /* PBXTargetDependency */ = {
			isa = PBXTargetDependency;
			target = 3075627C286461E8002DCE6B /* MetaMaskDemo */;
			targetProxy = 3075628E286461E9002DCE6B /* PBXContainerItemProxy */;
		};
		30756299286461E9002DCE6B /* PBXTargetDependency */ = {
			isa = PBXTargetDependency;
			target = 3075627C286461E8002DCE6B /* MetaMaskDemo */;
			targetProxy = 30756298286461E9002DCE6B /* PBXContainerItemProxy */;
		};
/* End PBXTargetDependency section */

/* Begin XCBuildConfiguration section */
		3075629F286461E9002DCE6B /* Debug */ = {
			isa = XCBuildConfiguration;
			buildSettings = {
				ALWAYS_SEARCH_USER_PATHS = NO;
				CLANG_ANALYZER_NONNULL = YES;
				CLANG_ANALYZER_NUMBER_OBJECT_CONVERSION = YES_AGGRESSIVE;
				CLANG_CXX_LANGUAGE_STANDARD = "gnu++17";
				CLANG_ENABLE_MODULES = YES;
				CLANG_ENABLE_OBJC_ARC = YES;
				CLANG_ENABLE_OBJC_WEAK = YES;
				CLANG_WARN_BLOCK_CAPTURE_AUTORELEASING = YES;
				CLANG_WARN_BOOL_CONVERSION = YES;
				CLANG_WARN_COMMA = YES;
				CLANG_WARN_CONSTANT_CONVERSION = YES;
				CLANG_WARN_DEPRECATED_OBJC_IMPLEMENTATIONS = YES;
				CLANG_WARN_DIRECT_OBJC_ISA_USAGE = YES_ERROR;
				CLANG_WARN_DOCUMENTATION_COMMENTS = YES;
				CLANG_WARN_EMPTY_BODY = YES;
				CLANG_WARN_ENUM_CONVERSION = YES;
				CLANG_WARN_INFINITE_RECURSION = YES;
				CLANG_WARN_INT_CONVERSION = YES;
				CLANG_WARN_NON_LITERAL_NULL_CONVERSION = YES;
				CLANG_WARN_OBJC_IMPLICIT_RETAIN_SELF = YES;
				CLANG_WARN_OBJC_LITERAL_CONVERSION = YES;
				CLANG_WARN_OBJC_ROOT_CLASS = YES_ERROR;
				CLANG_WARN_QUOTED_INCLUDE_IN_FRAMEWORK_HEADER = YES;
				CLANG_WARN_RANGE_LOOP_ANALYSIS = YES;
				CLANG_WARN_STRICT_PROTOTYPES = YES;
				CLANG_WARN_SUSPICIOUS_MOVE = YES;
				CLANG_WARN_UNGUARDED_AVAILABILITY = YES_AGGRESSIVE;
				CLANG_WARN_UNREACHABLE_CODE = YES;
				CLANG_WARN__DUPLICATE_METHOD_MATCH = YES;
				COPY_PHASE_STRIP = NO;
				DEBUG_INFORMATION_FORMAT = dwarf;
				ENABLE_STRICT_OBJC_MSGSEND = YES;
				ENABLE_TESTABILITY = YES;
				GCC_C_LANGUAGE_STANDARD = gnu11;
				GCC_DYNAMIC_NO_PIC = NO;
				GCC_NO_COMMON_BLOCKS = YES;
				GCC_OPTIMIZATION_LEVEL = 0;
				GCC_PREPROCESSOR_DEFINITIONS = (
					"DEBUG=1",
					"$(inherited)",
				);
				GCC_WARN_64_TO_32_BIT_CONVERSION = YES;
				GCC_WARN_ABOUT_RETURN_TYPE = YES_ERROR;
				GCC_WARN_UNDECLARED_SELECTOR = YES;
				GCC_WARN_UNINITIALIZED_AUTOS = YES_AGGRESSIVE;
				GCC_WARN_UNUSED_FUNCTION = YES;
				GCC_WARN_UNUSED_VARIABLE = YES;
				IPHONEOS_DEPLOYMENT_TARGET = 15.4;
				MTL_ENABLE_DEBUG_INFO = INCLUDE_SOURCE;
				MTL_FAST_MATH = YES;
				ONLY_ACTIVE_ARCH = YES;
				SDKROOT = iphoneos;
				SWIFT_ACTIVE_COMPILATION_CONDITIONS = DEBUG;
				SWIFT_OPTIMIZATION_LEVEL = "-Onone";
			};
			name = Debug;
		};
		307562A0286461E9002DCE6B /* Release */ = {
			isa = XCBuildConfiguration;
			buildSettings = {
				ALWAYS_SEARCH_USER_PATHS = NO;
				CLANG_ANALYZER_NONNULL = YES;
				CLANG_ANALYZER_NUMBER_OBJECT_CONVERSION = YES_AGGRESSIVE;
				CLANG_CXX_LANGUAGE_STANDARD = "gnu++17";
				CLANG_ENABLE_MODULES = YES;
				CLANG_ENABLE_OBJC_ARC = YES;
				CLANG_ENABLE_OBJC_WEAK = YES;
				CLANG_WARN_BLOCK_CAPTURE_AUTORELEASING = YES;
				CLANG_WARN_BOOL_CONVERSION = YES;
				CLANG_WARN_COMMA = YES;
				CLANG_WARN_CONSTANT_CONVERSION = YES;
				CLANG_WARN_DEPRECATED_OBJC_IMPLEMENTATIONS = YES;
				CLANG_WARN_DIRECT_OBJC_ISA_USAGE = YES_ERROR;
				CLANG_WARN_DOCUMENTATION_COMMENTS = YES;
				CLANG_WARN_EMPTY_BODY = YES;
				CLANG_WARN_ENUM_CONVERSION = YES;
				CLANG_WARN_INFINITE_RECURSION = YES;
				CLANG_WARN_INT_CONVERSION = YES;
				CLANG_WARN_NON_LITERAL_NULL_CONVERSION = YES;
				CLANG_WARN_OBJC_IMPLICIT_RETAIN_SELF = YES;
				CLANG_WARN_OBJC_LITERAL_CONVERSION = YES;
				CLANG_WARN_OBJC_ROOT_CLASS = YES_ERROR;
				CLANG_WARN_QUOTED_INCLUDE_IN_FRAMEWORK_HEADER = YES;
				CLANG_WARN_RANGE_LOOP_ANALYSIS = YES;
				CLANG_WARN_STRICT_PROTOTYPES = YES;
				CLANG_WARN_SUSPICIOUS_MOVE = YES;
				CLANG_WARN_UNGUARDED_AVAILABILITY = YES_AGGRESSIVE;
				CLANG_WARN_UNREACHABLE_CODE = YES;
				CLANG_WARN__DUPLICATE_METHOD_MATCH = YES;
				COPY_PHASE_STRIP = NO;
				DEBUG_INFORMATION_FORMAT = "dwarf-with-dsym";
				ENABLE_NS_ASSERTIONS = NO;
				ENABLE_STRICT_OBJC_MSGSEND = YES;
				GCC_C_LANGUAGE_STANDARD = gnu11;
				GCC_NO_COMMON_BLOCKS = YES;
				GCC_WARN_64_TO_32_BIT_CONVERSION = YES;
				GCC_WARN_ABOUT_RETURN_TYPE = YES_ERROR;
				GCC_WARN_UNDECLARED_SELECTOR = YES;
				GCC_WARN_UNINITIALIZED_AUTOS = YES_AGGRESSIVE;
				GCC_WARN_UNUSED_FUNCTION = YES;
				GCC_WARN_UNUSED_VARIABLE = YES;
				IPHONEOS_DEPLOYMENT_TARGET = 15.4;
				MTL_ENABLE_DEBUG_INFO = NO;
				MTL_FAST_MATH = YES;
				SDKROOT = iphoneos;
				SWIFT_COMPILATION_MODE = wholemodule;
				SWIFT_OPTIMIZATION_LEVEL = "-O";
				VALIDATE_PRODUCT = YES;
			};
			name = Release;
		};
		307562A2286461E9002DCE6B /* Debug */ = {
			isa = XCBuildConfiguration;
			baseConfigurationReference = 47548FF09906E26F3DEB8D66 /* Pods-MetaMaskDemo.debug.xcconfig */;
			buildSettings = {
				ASSETCATALOG_COMPILER_APPICON_NAME = AppIcon;
				ASSETCATALOG_COMPILER_GLOBAL_ACCENT_COLOR_NAME = AccentColor;
				CODE_SIGN_STYLE = Automatic;
				CURRENT_PROJECT_VERSION = 1;
				DEVELOPMENT_ASSET_PATHS = "\"MetaMaskDemo/Preview Content\"";
				DEVELOPMENT_TEAM = XZSKB63U27;
				ENABLE_PREVIEWS = YES;
				GENERATE_INFOPLIST_FILE = YES;
				INFOPLIST_FILE = MetaMaskDemo/Info.plist;
				INFOPLIST_KEY_UIApplicationSceneManifest_Generation = YES;
				INFOPLIST_KEY_UIApplicationSupportsIndirectInputEvents = YES;
				INFOPLIST_KEY_UILaunchScreen_Generation = YES;
				INFOPLIST_KEY_UILaunchStoryboardName = "Launch Screen";
				INFOPLIST_KEY_UISupportedInterfaceOrientations = UIInterfaceOrientationPortrait;
				INFOPLIST_KEY_UISupportedInterfaceOrientations_iPad = UIInterfaceOrientationPortrait;
				INFOPLIST_KEY_UISupportedInterfaceOrientations_iPhone = "UIInterfaceOrientationPortrait UIInterfaceOrientationLandscapeLeft UIInterfaceOrientationLandscapeRight";
				IPHONEOS_DEPLOYMENT_TARGET = 14.0;
				LD_RUNPATH_SEARCH_PATHS = (
					"$(inherited)",
					"@executable_path/Frameworks",
				);
				MARKETING_VERSION = 1.0;
				PRODUCT_BUNDLE_IDENTIFIER = danny.MetaMaskDemo;
				PRODUCT_NAME = "$(TARGET_NAME)";
				SWIFT_EMIT_LOC_STRINGS = YES;
				SWIFT_VERSION = 5.0;
				TARGETED_DEVICE_FAMILY = "1,2";
			};
			name = Debug;
		};
		307562A3286461E9002DCE6B /* Release */ = {
			isa = XCBuildConfiguration;
			baseConfigurationReference = 67CFAF7CD3BE4095036261EC /* Pods-MetaMaskDemo.release.xcconfig */;
			buildSettings = {
				ASSETCATALOG_COMPILER_APPICON_NAME = AppIcon;
				ASSETCATALOG_COMPILER_GLOBAL_ACCENT_COLOR_NAME = AccentColor;
				CODE_SIGN_STYLE = Automatic;
				CURRENT_PROJECT_VERSION = 1;
				DEVELOPMENT_ASSET_PATHS = "\"MetaMaskDemo/Preview Content\"";
				DEVELOPMENT_TEAM = XZSKB63U27;
				ENABLE_PREVIEWS = YES;
				GENERATE_INFOPLIST_FILE = YES;
				INFOPLIST_FILE = MetaMaskDemo/Info.plist;
				INFOPLIST_KEY_UIApplicationSceneManifest_Generation = YES;
				INFOPLIST_KEY_UIApplicationSupportsIndirectInputEvents = YES;
				INFOPLIST_KEY_UILaunchScreen_Generation = YES;
				INFOPLIST_KEY_UILaunchStoryboardName = "Launch Screen";
				INFOPLIST_KEY_UISupportedInterfaceOrientations = UIInterfaceOrientationPortrait;
				INFOPLIST_KEY_UISupportedInterfaceOrientations_iPad = UIInterfaceOrientationPortrait;
				INFOPLIST_KEY_UISupportedInterfaceOrientations_iPhone = "UIInterfaceOrientationPortrait UIInterfaceOrientationLandscapeLeft UIInterfaceOrientationLandscapeRight";
				IPHONEOS_DEPLOYMENT_TARGET = 14.0;
				LD_RUNPATH_SEARCH_PATHS = (
					"$(inherited)",
					"@executable_path/Frameworks",
				);
				MARKETING_VERSION = 1.0;
				PRODUCT_BUNDLE_IDENTIFIER = danny.MetaMaskDemo;
				PRODUCT_NAME = "$(TARGET_NAME)";
				SWIFT_EMIT_LOC_STRINGS = YES;
				SWIFT_VERSION = 5.0;
				TARGETED_DEVICE_FAMILY = "1,2";
			};
			name = Release;
		};
		307562A5286461E9002DCE6B /* Debug */ = {
			isa = XCBuildConfiguration;
			baseConfigurationReference = 72EAF9CACEB8DF263D9790B1 /* Pods-MetaMaskDemoTests.debug.xcconfig */;
			buildSettings = {
				ALWAYS_EMBED_SWIFT_STANDARD_LIBRARIES = YES;
				BUNDLE_LOADER = "$(TEST_HOST)";
				CODE_SIGN_STYLE = Automatic;
				CURRENT_PROJECT_VERSION = 1;
				GENERATE_INFOPLIST_FILE = YES;
				IPHONEOS_DEPLOYMENT_TARGET = 15.4;
				MARKETING_VERSION = 1.0;
				PRODUCT_BUNDLE_IDENTIFIER = danny.MetaMaskDemoTests;
				PRODUCT_NAME = "$(TARGET_NAME)";
				SWIFT_EMIT_LOC_STRINGS = NO;
				SWIFT_VERSION = 5.0;
				TARGETED_DEVICE_FAMILY = "1,2";
				TEST_HOST = "$(BUILT_PRODUCTS_DIR)/MetaMaskDemo.app/MetaMaskDemo";
			};
			name = Debug;
		};
		307562A6286461E9002DCE6B /* Release */ = {
			isa = XCBuildConfiguration;
			baseConfigurationReference = E869A5E3146D51BAEB30E530 /* Pods-MetaMaskDemoTests.release.xcconfig */;
			buildSettings = {
				ALWAYS_EMBED_SWIFT_STANDARD_LIBRARIES = YES;
				BUNDLE_LOADER = "$(TEST_HOST)";
				CODE_SIGN_STYLE = Automatic;
				CURRENT_PROJECT_VERSION = 1;
				GENERATE_INFOPLIST_FILE = YES;
				IPHONEOS_DEPLOYMENT_TARGET = 15.4;
				MARKETING_VERSION = 1.0;
				PRODUCT_BUNDLE_IDENTIFIER = danny.MetaMaskDemoTests;
				PRODUCT_NAME = "$(TARGET_NAME)";
				SWIFT_EMIT_LOC_STRINGS = NO;
				SWIFT_VERSION = 5.0;
				TARGETED_DEVICE_FAMILY = "1,2";
				TEST_HOST = "$(BUILT_PRODUCTS_DIR)/MetaMaskDemo.app/MetaMaskDemo";
			};
			name = Release;
		};
		307562A8286461E9002DCE6B /* Debug */ = {
			isa = XCBuildConfiguration;
			baseConfigurationReference = 12A826463D438C94D17B18E1 /* Pods-MetaMaskDemo-MetaMaskDemoUITests.debug.xcconfig */;
			buildSettings = {
				ALWAYS_EMBED_SWIFT_STANDARD_LIBRARIES = YES;
				CODE_SIGN_STYLE = Automatic;
				CURRENT_PROJECT_VERSION = 1;
				GENERATE_INFOPLIST_FILE = YES;
				MARKETING_VERSION = 1.0;
				PRODUCT_BUNDLE_IDENTIFIER = danny.MetaMaskDemoUITests;
				PRODUCT_NAME = "$(TARGET_NAME)";
				SWIFT_EMIT_LOC_STRINGS = NO;
				SWIFT_VERSION = 5.0;
				TARGETED_DEVICE_FAMILY = "1,2";
				TEST_TARGET_NAME = MetaMaskDemo;
			};
			name = Debug;
		};
		307562A9286461E9002DCE6B /* Release */ = {
			isa = XCBuildConfiguration;
			baseConfigurationReference = C56867CDA67E9329223ED775 /* Pods-MetaMaskDemo-MetaMaskDemoUITests.release.xcconfig */;
			buildSettings = {
				ALWAYS_EMBED_SWIFT_STANDARD_LIBRARIES = YES;
				CODE_SIGN_STYLE = Automatic;
				CURRENT_PROJECT_VERSION = 1;
				GENERATE_INFOPLIST_FILE = YES;
				MARKETING_VERSION = 1.0;
				PRODUCT_BUNDLE_IDENTIFIER = danny.MetaMaskDemoUITests;
				PRODUCT_NAME = "$(TARGET_NAME)";
				SWIFT_EMIT_LOC_STRINGS = NO;
				SWIFT_VERSION = 5.0;
				TARGETED_DEVICE_FAMILY = "1,2";
				TEST_TARGET_NAME = MetaMaskDemo;
			};
			name = Release;
		};
/* End XCBuildConfiguration section */

/* Begin XCConfigurationList section */
		30756278286461E8002DCE6B /* Build configuration list for PBXProject "MetaMaskDemo" */ = {
			isa = XCConfigurationList;
			buildConfigurations = (
				3075629F286461E9002DCE6B /* Debug */,
				307562A0286461E9002DCE6B /* Release */,
			);
			defaultConfigurationIsVisible = 0;
			defaultConfigurationName = Release;
		};
		307562A1286461E9002DCE6B /* Build configuration list for PBXNativeTarget "MetaMaskDemo" */ = {
			isa = XCConfigurationList;
			buildConfigurations = (
				307562A2286461E9002DCE6B /* Debug */,
				307562A3286461E9002DCE6B /* Release */,
			);
			defaultConfigurationIsVisible = 0;
			defaultConfigurationName = Release;
		};
		307562A4286461E9002DCE6B /* Build configuration list for PBXNativeTarget "MetaMaskDemoTests" */ = {
			isa = XCConfigurationList;
			buildConfigurations = (
				307562A5286461E9002DCE6B /* Debug */,
				307562A6286461E9002DCE6B /* Release */,
			);
			defaultConfigurationIsVisible = 0;
			defaultConfigurationName = Release;
		};
		307562A7286461E9002DCE6B /* Build configuration list for PBXNativeTarget "MetaMaskDemoUITests" */ = {
			isa = XCConfigurationList;
			buildConfigurations = (
				307562A8286461E9002DCE6B /* Debug */,
				307562A9286461E9002DCE6B /* Release */,
			);
			defaultConfigurationIsVisible = 0;
			defaultConfigurationName = Release;
		};
/* End XCConfigurationList section */
	};
	rootObject = 30756275286461E8002DCE6B /* Project object */;
}
